
Microsoft Visual Studio Solution File, Format Version 12.00
# Visual Studio Version 16
VisualStudioVersion = 16.0.28922.388
MinimumVisualStudioVersion = 10.0.40219.1
Project("{9A19103F-16F7-4668-BE54-9A1E7A4F7556}") = "SimpleUseOfArgs", "SimpleUseOfArgs\SimpleUseOfArgs.csproj", "{62815839-F3F3-416F-9A4C-05E308C6F23B}"
EndProject
Project("{FAE04EC0-301F-11D3-BF4B-00C04F79EFBC}") = "SimplesUseOfArgs.Test", "ArgsTest\SimplesUseOfArgs.Test.csproj", "{1E061656-6DFE-4CD4-AB2E-0868D6B0E619}"
EndProject
Global
	GlobalSection(SolutionConfigurationPlatforms) = preSolution
		Debug|Any CPU = Debug|Any CPU
		Release|Any CPU = Release|Any CPU
	EndGlobalSection
	GlobalSection(ProjectConfigurationPlatforms) = postSolution
		{62815839-F3F3-416F-9A4C-05E308C6F23B}.Debug|Any CPU.ActiveCfg = Debug|Any CPU
		{62815839-F3F3-416F-9A4C-05E308C6F23B}.Debug|Any CPU.Build.0 = Debug|Any CPU
		{62815839-F3F3-416F-9A4C-05E308C6F23B}.Release|Any CPU.ActiveCfg = Release|Any CPU
		{62815839-F3F3-416F-9A4C-05E308C6F23B}.Release|Any CPU.Build.0 = Release|Any CPU
		{1E061656-6DFE-4CD4-AB2E-0868D6B0E619}.Debug|Any CPU.ActiveCfg = Debug|Any CPU
		{1E061656-6DFE-4CD4-AB2E-0868D6B0E619}.Debug|Any CPU.Build.0 = Debug|Any CPU
		{1E061656-6DFE-4CD4-AB2E-0868D6B0E619}.Release|Any CPU.ActiveCfg = Release|Any CPU
		{1E061656-6DFE-4CD4-AB2E-0868D6B0E619}.Release|Any CPU.Build.0 = Release|Any CPU
	EndGlobalSection
	GlobalSection(SolutionProperties) = preSolution
		HideSolutionNode = FALSE
	EndGlobalSection
	GlobalSection(ExtensibilityGlobals) = postSolution
		SolutionGuid = {8382EA3D-3FA5-4F7F-A257-8ABF992CAD6D}
	EndGlobalSection
EndGlobal
